
Microsoft Visual Studio Solution File, Format Version 12.00
# Visual Studio Version 17
VisualStudioVersion = 17.9.34902.65
MinimumVisualStudioVersion = 10.0.40219.1
Project("{FAE04EC0-301F-11D3-BF4B-00C04F79EFBC}") = "ATM_CLONE_APP", "ATM_CLONE_APP\ATM_CLONE_APP.csproj", "{2984F46F-7238-474A-AB2E-0E8F038B9F09}"
EndProject
Global
	GlobalSection(SolutionConfigurationPlatforms) = preSolution
		Debug|Any CPU = Debug|Any CPU
		Release|Any CPU = Release|Any CPU
	EndGlobalSection
	GlobalSection(ProjectConfigurationPlatforms) = postSolution
		{2984F46F-7238-474A-AB2E-0E8F038B9F09}.Debug|Any CPU.ActiveCfg = Debug|Any CPU
		{2984F46F-7238-474A-AB2E-0E8F038B9F09}.Debug|Any CPU.Build.0 = Debug|Any CPU
		{2984F46F-7238-474A-AB2E-0E8F038B9F09}.Release|Any CPU.ActiveCfg = Release|Any CPU
		{2984F46F-7238-474A-AB2E-0E8F038B9F09}.Release|Any CPU.Build.0 = Release|Any CPU
	EndGlobalSection
	GlobalSection(SolutionProperties) = preSolution
		HideSolutionNode = FALSE
	EndGlobalSection
	GlobalSection(ExtensibilityGlobals) = postSolution
		SolutionGuid = {CB93BEED-FA58-4365-8BA6-25286C07D087}
	EndGlobalSection
EndGlobal
